
Microsoft Visual Studio Solution File, Format Version 12.00
# Visual Studio Version 17
VisualStudioVersion = 17.3.32922.545
MinimumVisualStudioVersion = 10.0.40219.1
Project("{FAE04EC0-301F-11D3-BF4B-00C04F79EFBC}") = "Авиабилеты", "Авиабилеты\Авиабилеты.csproj", "{7B6857E0-DCB7-4EC7-9A76-DDCD7908CA08}"
EndProject
Global
	GlobalSection(SolutionConfigurationPlatforms) = preSolution
		Debug|Any CPU = Debug|Any CPU
		Release|Any CPU = Release|Any CPU
	EndGlobalSection
	GlobalSection(ProjectConfigurationPlatforms) = postSolution
		{7B6857E0-DCB7-4EC7-9A76-DDCD7908CA08}.Debug|Any CPU.ActiveCfg = Debug|Any CPU
		{7B6857E0-DCB7-4EC7-9A76-DDCD7908CA08}.Debug|Any CPU.Build.0 = Debug|Any CPU
		{7B6857E0-DCB7-4EC7-9A76-DDCD7908CA08}.Release|Any CPU.ActiveCfg = Release|Any CPU
		{7B6857E0-DCB7-4EC7-9A76-DDCD7908CA08}.Release|Any CPU.Build.0 = Release|Any CPU
	EndGlobalSection
	GlobalSection(SolutionProperties) = preSolution
		HideSolutionNode = FALSE
	EndGlobalSection
	GlobalSection(ExtensibilityGlobals) = postSolution
		SolutionGuid = {D8BED9F6-63C3-4651-A88D-722CE31B6D24}
	EndGlobalSection
EndGlobal
